{
  "version": 4,
  "terraform_version": "1.6.2",
  "serial": 1036,
  "lineage": "05be0ec1-ef09-3fef-3ab3-76380dd2f927",
  "outputs": {
    "get_deployment_invoke_url": {
      "value": "https://6fqciaodra.execute-api.us-east-1.amazonaws.com/getapiresource?",
      "type": "string"
    },
    "post_deployment_invoke_url": {
      "value": "https://iig2epa9xb.execute-api.us-east-1.amazonaws.com/postapiresource?",
      "type": "string"
    }
  },
  "resources": [
    {
      "mode": "data",
      "type": "aws_cloudfront_response_headers_policy",
      "name": "headers_policy",
      "provider": "provider[\"registry.terraform.io/hashicorp/aws\"]",
      "instances": [
        {
          "schema_version": 0,
          "attributes": {
            "comment": "Adds a set of security headers to every response",
            "cors_config": [],
            "custom_headers_config": [],
            "etag": "E23ZP02F085DFQ",
            "id": "67f7725c-6f97-4210-82d7-5512b31e9d03",
            "name": "Managed-SecurityHeadersPolicy",
            "remove_headers_config": [],
            "security_headers_config": [
              {
                "content_security_policy": [],
                "content_type_options": [
                  {
                    "override": true
                  }
                ],
                "frame_options": [
                  {
                    "frame_option": "SAMEORIGIN",
                    "override": false
                  }
                ],
                "referrer_policy": [
                  {
                    "override": false,
                    "referrer_policy": "strict-origin-when-cross-origin"
                  }
                ],
                "strict_transport_security": [
                  {
                    "access_control_max_age_sec": 31536000,
                    "include_subdomains": false,
                    "override": false,
                    "preload": false
                  }
                ],
                "xss_protection": [
                  {
                    "mode_block": true,
                    "override": false,
                    "protection": true,
                    "report_uri": ""
                  }
                ]
              }
            ],
            "server_timing_headers_config": []
          },
          "sensitive_attributes": []
        }
      ]
    },
    {
      "mode": "managed",
      "type": "aws_api_gateway_deployment",
      "name": "getdeployment",
      "provider": "provider[\"registry.terraform.io/hashicorp/aws\"]",
      "instances": [
        {
          "schema_version": 0,
          "attributes": {
            "created_date": "2023-10-28T10:50:01Z",
            "description": "",
            "execution_arn": "arn:aws:execute-api:us-east-1:825767410344:6fqciaodra/",
            "id": "aomzas",
            "invoke_url": "https://6fqciaodra.execute-api.us-east-1.amazonaws.com/",
            "rest_api_id": "6fqciaodra",
            "stage_description": null,
            "stage_name": null,
            "triggers": {
              "redeployment": "f193b1c59f88af23d3fb68ad8a4935672b3ea9e0"
            },
            "variables": null
          },
          "sensitive_attributes": [],
          "private": "bnVsbA==",
          "dependencies": [
            "aws_api_gateway_integration.getintegration",
            "aws_api_gateway_integration.getoptionsintegration",
            "aws_api_gateway_method.getapimethod",
            "aws_api_gateway_method.getoptionsmethod",
            "aws_api_gateway_resource.getapiresource",
            "aws_api_gateway_rest_api.getapi",
            "aws_iam_policy.dynamodb_policy_get",
            "aws_iam_policy_attachment.get_lambda_dynamodb",
            "aws_iam_role.get_lambda_role",
            "aws_lambda_function.getlambda"
          ],
          "create_before_destroy": true
        }
      ]
    },
    {
      "mode": "managed",
      "type": "aws_api_gateway_deployment",
      "name": "postdeployment",
      "provider": "provider[\"registry.terraform.io/hashicorp/aws\"]",
      "instances": [
        {
          "schema_version": 0,
          "attributes": {
            "created_date": "2023-10-28T10:50:01Z",
            "description": "",
            "execution_arn": "arn:aws:execute-api:us-east-1:825767410344:iig2epa9xb/",
            "id": "g6jfac",
            "invoke_url": "https://iig2epa9xb.execute-api.us-east-1.amazonaws.com/",
            "rest_api_id": "iig2epa9xb",
            "stage_description": null,
            "stage_name": null,
            "triggers": {
              "redeployment": "508e8a2067e4c0d604c97726a04aab04200abc99"
            },
            "variables": null
          },
          "sensitive_attributes": [],
          "private": "bnVsbA==",
          "dependencies": [
            "aws_api_gateway_integration.postintegration",
            "aws_api_gateway_integration.postoptionsintegration",
            "aws_api_gateway_method.postapimethod",
            "aws_api_gateway_method.postoptionsmethod",
            "aws_api_gateway_resource.postapiresource",
            "aws_api_gateway_rest_api.postapi",
            "aws_iam_policy.dynamodb_policy_post",
            "aws_iam_policy_attachment.post_lambda_dynamodb",
            "aws_iam_role.post_lambda_role",
            "aws_lambda_function.postlambda"
          ],
          "create_before_destroy": true
        }
      ]
    },
    {
      "mode": "managed",
      "type": "aws_api_gateway_integration",
      "name": "getintegration",
      "provider": "provider[\"registry.terraform.io/hashicorp/aws\"]",
      "instances": [
        {
          "schema_version": 0,
          "attributes": {
            "cache_key_parameters": [],
            "cache_namespace": "aowqyx",
            "connection_id": "",
            "connection_type": "INTERNET",
            "content_handling": "",
            "credentials": "",
            "http_method": "GET",
            "id": "agi-6fqciaodra-aowqyx-GET",
            "integration_http_method": "POST",
            "passthrough_behavior": "WHEN_NO_MATCH",
            "request_parameters": {},
            "request_templates": {},
            "resource_id": "aowqyx",
            "rest_api_id": "6fqciaodra",
            "timeout_milliseconds": 29000,
            "tls_config": [],
            "type": "AWS_PROXY",
            "uri": "arn:aws:apigateway:us-east-1:lambda:path/2015-03-31/functions/arn:aws:lambda:us-east-1:825767410344:function:getlambda/invocations"
          },
          "sensitive_attributes": [],
          "private": "bnVsbA==",
          "dependencies": [
            "aws_api_gateway_method.getapimethod",
            "aws_api_gateway_resource.getapiresource",
            "aws_api_gateway_rest_api.getapi",
            "aws_iam_policy.dynamodb_policy_get",
            "aws_iam_policy_attachment.get_lambda_dynamodb",
            "aws_iam_role.get_lambda_role",
            "aws_lambda_function.getlambda"
          ],
          "create_before_destroy": true
        }
      ]
    },
    {
      "mode": "managed",
      "type": "aws_api_gateway_integration",
      "name": "getoptionsintegration",
      "provider": "provider[\"registry.terraform.io/hashicorp/aws\"]",
      "instances": [
        {
          "schema_version": 0,
          "attributes": {
            "cache_key_parameters": null,
            "cache_namespace": "aowqyx",
            "connection_id": "",
            "connection_type": "INTERNET",
            "content_handling": "",
            "credentials": "",
            "http_method": "OPTIONS",
            "id": "agi-6fqciaodra-aowqyx-OPTIONS",
            "integration_http_method": "",
            "passthrough_behavior": "WHEN_NO_MATCH",
            "request_parameters": null,
            "request_templates": {
              "application/json": "{\"statusCode\":200}"
            },
            "resource_id": "aowqyx",
            "rest_api_id": "6fqciaodra",
            "timeout_milliseconds": 29000,
            "tls_config": [],
            "type": "MOCK",
            "uri": ""
          },
          "sensitive_attributes": [],
          "private": "bnVsbA==",
          "dependencies": [
            "aws_api_gateway_method.getapimethod",
            "aws_api_gateway_method.getoptionsmethod",
            "aws_api_gateway_resource.getapiresource",
            "aws_api_gateway_rest_api.getapi"
          ],
          "create_before_destroy": true
        }
      ]
    },
    {
      "mode": "managed",
      "type": "aws_api_gateway_integration",
      "name": "postintegration",
      "provider": "provider[\"registry.terraform.io/hashicorp/aws\"]",
      "instances": [
        {
          "schema_version": 0,
          "attributes": {
            "cache_key_parameters": [],
            "cache_namespace": "nka8gf",
            "connection_id": "",
            "connection_type": "INTERNET",
            "content_handling": "",
            "credentials": "",
            "http_method": "POST",
            "id": "agi-iig2epa9xb-nka8gf-POST",
            "integration_http_method": "POST",
            "passthrough_behavior": "WHEN_NO_MATCH",
            "request_parameters": {},
            "request_templates": {},
            "resource_id": "nka8gf",
            "rest_api_id": "iig2epa9xb",
            "timeout_milliseconds": 29000,
            "tls_config": [],
            "type": "AWS_PROXY",
            "uri": "arn:aws:apigateway:us-east-1:lambda:path/2015-03-31/functions/arn:aws:lambda:us-east-1:825767410344:function:postlambda/invocations"
          },
          "sensitive_attributes": [],
          "private": "bnVsbA==",
          "dependencies": [
            "aws_api_gateway_method.postapimethod",
            "aws_api_gateway_resource.postapiresource",
            "aws_api_gateway_rest_api.postapi",
            "aws_iam_policy.dynamodb_policy_post",
            "aws_iam_policy_attachment.post_lambda_dynamodb",
            "aws_iam_role.post_lambda_role",
            "aws_lambda_function.postlambda"
          ],
          "create_before_destroy": true
        }
      ]
    },
    {
      "mode": "managed",
      "type": "aws_api_gateway_integration",
      "name": "postoptionsintegration",
      "provider": "provider[\"registry.terraform.io/hashicorp/aws\"]",
      "instances": [
        {
          "schema_version": 0,
          "attributes": {
            "cache_key_parameters": null,
            "cache_namespace": "nka8gf",
            "connection_id": "",
            "connection_type": "INTERNET",
            "content_handling": "",
            "credentials": "",
            "http_method": "OPTIONS",
            "id": "agi-iig2epa9xb-nka8gf-OPTIONS",
            "integration_http_method": "",
            "passthrough_behavior": "WHEN_NO_MATCH",
            "request_parameters": null,
            "request_templates": {
              "application/json": "{\"statusCode\":200}"
            },
            "resource_id": "nka8gf",
            "rest_api_id": "iig2epa9xb",
            "timeout_milliseconds": 29000,
            "tls_config": [],
            "type": "MOCK",
            "uri": ""
          },
          "sensitive_attributes": [],
          "private": "bnVsbA==",
          "dependencies": [
            "aws_api_gateway_method.postapimethod",
            "aws_api_gateway_method.postoptionsmethod",
            "aws_api_gateway_resource.postapiresource",
            "aws_api_gateway_rest_api.postapi"
          ],
          "create_before_destroy": true
        }
      ]
    },
    {
      "mode": "managed",
      "type": "aws_api_gateway_integration_response",
      "name": "getapimethod_integration_response",
      "provider": "provider[\"registry.terraform.io/hashicorp/aws\"]",
      "instances": [
        {
          "schema_version": 0,
          "attributes": {
            "content_handling": "",
            "http_method": "GET",
            "id": "agir-6fqciaodra-aowqyx-GET-200",
            "resource_id": "aowqyx",
            "response_parameters": {
              "method.response.header.Access-Control-Allow-Headers": "'Content-Type,X-Amz-Date,Authorization,X-Api-Key,X-Amz-Security-Token,X-Amz-User-Agent'",
              "method.response.header.Access-Control-Allow-Methods": "'*'",
              "method.response.header.Access-Control-Allow-Origin": "'*'"
            },
            "response_templates": {
              "application/json": ""
            },
            "rest_api_id": "6fqciaodra",
            "selection_pattern": "",
            "status_code": "200"
          },
          "sensitive_attributes": [],
          "private": "bnVsbA==",
          "dependencies": [
            "aws_api_gateway_integration.getintegration",
            "aws_api_gateway_method.getapimethod",
            "aws_api_gateway_method_response.getapimethod_cors_response",
            "aws_api_gateway_resource.getapiresource",
            "aws_api_gateway_rest_api.getapi",
            "aws_iam_policy.dynamodb_policy_get",
            "aws_iam_policy_attachment.get_lambda_dynamodb",
            "aws_iam_role.get_lambda_role",
            "aws_lambda_function.getlambda"
          ]
        }
      ]
    },
    {
      "mode": "managed",
      "type": "aws_api_gateway_integration_response",
      "name": "getoptionsmethod_integration_response",
      "provider": "provider[\"registry.terraform.io/hashicorp/aws\"]",
      "instances": [
        {
          "schema_version": 0,
          "attributes": {
            "content_handling": "",
            "http_method": "OPTIONS",
            "id": "agir-6fqciaodra-aowqyx-OPTIONS-200",
            "resource_id": "aowqyx",
            "response_parameters": {
              "method.response.header.Access-Control-Allow-Headers": "'Content-Type,X-Amz-Date,Authorization,X-Api-Key,X-Amz-Security-Token,X-Amz-User-Agent'",
              "method.response.header.Access-Control-Allow-Methods": "'*'",
              "method.response.header.Access-Control-Allow-Origin": "'*'"
            },
            "response_templates": {
              "application/json": ""
            },
            "rest_api_id": "6fqciaodra",
            "selection_pattern": "",
            "status_code": "200"
          },
          "sensitive_attributes": [],
          "private": "bnVsbA==",
          "dependencies": [
            "aws_api_gateway_integration.postoptionsintegration",
            "aws_api_gateway_method.getapimethod",
            "aws_api_gateway_method.getoptionsmethod",
            "aws_api_gateway_method.postapimethod",
            "aws_api_gateway_method.postoptionsmethod",
            "aws_api_gateway_method_response.postoptionsmethod_cors_response",
            "aws_api_gateway_resource.getapiresource",
            "aws_api_gateway_resource.postapiresource",
            "aws_api_gateway_rest_api.getapi",
            "aws_api_gateway_rest_api.postapi"
          ]
        }
      ]
    },
    {
      "mode": "managed",
      "type": "aws_api_gateway_integration_response",
      "name": "postapimethod_integration_response",
      "provider": "provider[\"registry.terraform.io/hashicorp/aws\"]",
      "instances": [
        {
          "schema_version": 0,
          "attributes": {
            "content_handling": "",
            "http_method": "POST",
            "id": "agir-iig2epa9xb-nka8gf-POST-200",
            "resource_id": "nka8gf",
            "response_parameters": {
              "method.response.header.Access-Control-Allow-Headers": "'Content-Type,X-Amz-Date,Authorization,X-Api-Key,X-Amz-Security-Token,X-Amz-User-Agent'",
              "method.response.header.Access-Control-Allow-Methods": "'*'",
              "method.response.header.Access-Control-Allow-Origin": "'*'"
            },
            "response_templates": {
              "application/json": ""
            },
            "rest_api_id": "iig2epa9xb",
            "selection_pattern": "",
            "status_code": "200"
          },
          "sensitive_attributes": [],
          "private": "bnVsbA==",
          "dependencies": [
            "aws_api_gateway_integration.postintegration",
            "aws_api_gateway_method.postapimethod",
            "aws_api_gateway_method_response.postapimethod_cors_response",
            "aws_api_gateway_resource.postapiresource",
            "aws_api_gateway_rest_api.postapi",
            "aws_iam_policy.dynamodb_policy_post",
            "aws_iam_policy_attachment.post_lambda_dynamodb",
            "aws_iam_role.post_lambda_role",
            "aws_lambda_function.postlambda"
          ]
        }
      ]
    },
    {
      "mode": "managed",
      "type": "aws_api_gateway_integration_response",
      "name": "postoptionsmethod_integration_response",
      "provider": "provider[\"registry.terraform.io/hashicorp/aws\"]",
      "instances": [
        {
          "schema_version": 0,
          "attributes": {
            "content_handling": "",
            "http_method": "OPTIONS",
            "id": "agir-iig2epa9xb-nka8gf-OPTIONS-200",
            "resource_id": "nka8gf",
            "response_parameters": {
              "method.response.header.Access-Control-Allow-Headers": "'Content-Type,X-Amz-Date,Authorization,X-Api-Key,X-Amz-Security-Token,X-Amz-User-Agent'",
              "method.response.header.Access-Control-Allow-Methods": "'*'",
              "method.response.header.Access-Control-Allow-Origin": "'*'"
            },
            "response_templates": {
              "application/json": ""
            },
            "rest_api_id": "iig2epa9xb",
            "selection_pattern": "",
            "status_code": "200"
          },
          "sensitive_attributes": [],
          "private": "bnVsbA==",
          "dependencies": [
            "aws_api_gateway_integration.postoptionsintegration",
            "aws_api_gateway_method.postapimethod",
            "aws_api_gateway_method.postoptionsmethod",
            "aws_api_gateway_method_response.postoptionsmethod_cors_response",
            "aws_api_gateway_resource.postapiresource",
            "aws_api_gateway_rest_api.postapi"
          ]
        }
      ]
    },
    {
      "mode": "managed",
      "type": "aws_api_gateway_method",
      "name": "getapimethod",
      "provider": "provider[\"registry.terraform.io/hashicorp/aws\"]",
      "instances": [
        {
          "schema_version": 0,
          "attributes": {
            "api_key_required": false,
            "authorization": "NONE",
            "authorization_scopes": [],
            "authorizer_id": "",
            "http_method": "GET",
            "id": "agm-6fqciaodra-aowqyx-GET",
            "operation_name": "",
            "request_models": {},
            "request_parameters": {},
            "request_validator_id": "",
            "resource_id": "aowqyx",
            "rest_api_id": "6fqciaodra"
          },
          "sensitive_attributes": [],
          "private": "bnVsbA==",
          "dependencies": [
            "aws_api_gateway_resource.getapiresource",
            "aws_api_gateway_rest_api.getapi"
          ],
          "create_before_destroy": true
        }
      ]
    },
    {
      "mode": "managed",
      "type": "aws_api_gateway_method",
      "name": "getoptionsmethod",
      "provider": "provider[\"registry.terraform.io/hashicorp/aws\"]",
      "instances": [
        {
          "schema_version": 0,
          "attributes": {
            "api_key_required": false,
            "authorization": "NONE",
            "authorization_scopes": [],
            "authorizer_id": "",
            "http_method": "OPTIONS",
            "id": "agm-6fqciaodra-aowqyx-OPTIONS",
            "operation_name": "",
            "request_models": {},
            "request_parameters": {},
            "request_validator_id": "",
            "resource_id": "aowqyx",
            "rest_api_id": "6fqciaodra"
          },
          "sensitive_attributes": [],
          "private": "bnVsbA==",
          "dependencies": [
            "aws_api_gateway_method.getapimethod",
            "aws_api_gateway_resource.getapiresource",
            "aws_api_gateway_rest_api.getapi"
          ],
          "create_before_destroy": true
        }
      ]
    },
    {
      "mode": "managed",
      "type": "aws_api_gateway_method",
      "name": "postapimethod",
      "provider": "provider[\"registry.terraform.io/hashicorp/aws\"]",
      "instances": [
        {
          "schema_version": 0,
          "attributes": {
            "api_key_required": false,
            "authorization": "NONE",
            "authorization_scopes": [],
            "authorizer_id": "",
            "http_method": "POST",
            "id": "agm-iig2epa9xb-nka8gf-POST",
            "operation_name": "",
            "request_models": {},
            "request_parameters": {},
            "request_validator_id": "",
            "resource_id": "nka8gf",
            "rest_api_id": "iig2epa9xb"
          },
          "sensitive_attributes": [],
          "private": "bnVsbA==",
          "dependencies": [
            "aws_api_gateway_resource.postapiresource",
            "aws_api_gateway_rest_api.postapi"
          ],
          "create_before_destroy": true
        }
      ]
    },
    {
      "mode": "managed",
      "type": "aws_api_gateway_method",
      "name": "postoptionsmethod",
      "provider": "provider[\"registry.terraform.io/hashicorp/aws\"]",
      "instances": [
        {
          "schema_version": 0,
          "attributes": {
            "api_key_required": false,
            "authorization": "NONE",
            "authorization_scopes": [],
            "authorizer_id": "",
            "http_method": "OPTIONS",
            "id": "agm-iig2epa9xb-nka8gf-OPTIONS",
            "operation_name": "",
            "request_models": {},
            "request_parameters": {},
            "request_validator_id": "",
            "resource_id": "nka8gf",
            "rest_api_id": "iig2epa9xb"
          },
          "sensitive_attributes": [],
          "private": "bnVsbA==",
          "dependencies": [
            "aws_api_gateway_method.postapimethod",
            "aws_api_gateway_resource.postapiresource",
            "aws_api_gateway_rest_api.postapi"
          ],
          "create_before_destroy": true
        }
      ]
    },
    {
      "mode": "managed",
      "type": "aws_api_gateway_method_response",
      "name": "getapimethod_cors_response",
      "provider": "provider[\"registry.terraform.io/hashicorp/aws\"]",
      "instances": [
        {
          "schema_version": 0,
          "attributes": {
            "http_method": "GET",
            "id": "agmr-6fqciaodra-aowqyx-GET-200",
            "resource_id": "aowqyx",
            "response_models": {},
            "response_parameters": {
              "method.response.header.Access-Control-Allow-Headers": true,
              "method.response.header.Access-Control-Allow-Methods": true,
              "method.response.header.Access-Control-Allow-Origin": true
            },
            "rest_api_id": "6fqciaodra",
            "status_code": "200"
          },
          "sensitive_attributes": [],
          "private": "bnVsbA==",
          "dependencies": [
            "aws_api_gateway_method.getapimethod",
            "aws_api_gateway_resource.getapiresource",
            "aws_api_gateway_rest_api.getapi"
          ]
        }
      ]
    },
    {
      "mode": "managed",
      "type": "aws_api_gateway_method_response",
      "name": "getoptionsmethod_cors_response",
      "provider": "provider[\"registry.terraform.io/hashicorp/aws\"]",
      "instances": [
        {
          "schema_version": 0,
          "attributes": {
            "http_method": "OPTIONS",
            "id": "agmr-6fqciaodra-aowqyx-OPTIONS-200",
            "resource_id": "aowqyx",
            "response_models": {},
            "response_parameters": {
              "method.response.header.Access-Control-Allow-Headers": true,
              "method.response.header.Access-Control-Allow-Methods": true,
              "method.response.header.Access-Control-Allow-Origin": true
            },
            "rest_api_id": "6fqciaodra",
            "status_code": "200"
          },
          "sensitive_attributes": [],
          "private": "bnVsbA==",
          "dependencies": [
            "aws_api_gateway_method.getapimethod",
            "aws_api_gateway_method.getoptionsmethod",
            "aws_api_gateway_resource.getapiresource",
            "aws_api_gateway_rest_api.getapi"
          ]
        }
      ]
    },
    {
      "mode": "managed",
      "type": "aws_api_gateway_method_response",
      "name": "postapimethod_cors_response",
      "provider": "provider[\"registry.terraform.io/hashicorp/aws\"]",
      "instances": [
        {
          "schema_version": 0,
          "attributes": {
            "http_method": "POST",
            "id": "agmr-iig2epa9xb-nka8gf-POST-200",
            "resource_id": "nka8gf",
            "response_models": {},
            "response_parameters": {
              "method.response.header.Access-Control-Allow-Headers": true,
              "method.response.header.Access-Control-Allow-Methods": true,
              "method.response.header.Access-Control-Allow-Origin": true
            },
            "rest_api_id": "iig2epa9xb",
            "status_code": "200"
          },
          "sensitive_attributes": [],
          "private": "bnVsbA==",
          "dependencies": [
            "aws_api_gateway_method.postapimethod",
            "aws_api_gateway_resource.postapiresource",
            "aws_api_gateway_rest_api.postapi"
          ]
        }
      ]
    },
    {
      "mode": "managed",
      "type": "aws_api_gateway_method_response",
      "name": "postoptionsmethod_cors_response",
      "provider": "provider[\"registry.terraform.io/hashicorp/aws\"]",
      "instances": [
        {
          "schema_version": 0,
          "attributes": {
            "http_method": "OPTIONS",
            "id": "agmr-iig2epa9xb-nka8gf-OPTIONS-200",
            "resource_id": "nka8gf",
            "response_models": {},
            "response_parameters": {
              "method.response.header.Access-Control-Allow-Headers": true,
              "method.response.header.Access-Control-Allow-Methods": true,
              "method.response.header.Access-Control-Allow-Origin": true
            },
            "rest_api_id": "iig2epa9xb",
            "status_code": "200"
          },
          "sensitive_attributes": [],
          "private": "bnVsbA==",
          "dependencies": [
            "aws_api_gateway_method.postapimethod",
            "aws_api_gateway_method.postoptionsmethod",
            "aws_api_gateway_resource.postapiresource",
            "aws_api_gateway_rest_api.postapi"
          ]
        }
      ]
    },
    {
      "mode": "managed",
      "type": "aws_api_gateway_resource",
      "name": "getapiresource",
      "provider": "provider[\"registry.terraform.io/hashicorp/aws\"]",
      "instances": [
        {
          "schema_version": 0,
          "attributes": {
            "id": "aowqyx",
            "parent_id": "k4rj94vt93",
            "path": "/getapiresource",
            "path_part": "getapiresource",
            "rest_api_id": "6fqciaodra"
          },
          "sensitive_attributes": [],
          "private": "bnVsbA==",
          "dependencies": [
            "aws_api_gateway_rest_api.getapi"
          ],
          "create_before_destroy": true
        }
      ]
    },
    {
      "mode": "managed",
      "type": "aws_api_gateway_resource",
      "name": "postapiresource",
      "provider": "provider[\"registry.terraform.io/hashicorp/aws\"]",
      "instances": [
        {
          "schema_version": 0,
          "attributes": {
            "id": "nka8gf",
            "parent_id": "o3ecneuawd",
            "path": "/postapiresource",
            "path_part": "postapiresource",
            "rest_api_id": "iig2epa9xb"
          },
          "sensitive_attributes": [],
          "private": "bnVsbA==",
          "dependencies": [
            "aws_api_gateway_rest_api.postapi"
          ],
          "create_before_destroy": true
        }
      ]
    },
    {
      "mode": "managed",
      "type": "aws_api_gateway_rest_api",
      "name": "getapi",
      "provider": "provider[\"registry.terraform.io/hashicorp/aws\"]",
      "instances": [
        {
          "schema_version": 0,
          "attributes": {
            "api_key_source": "HEADER",
            "arn": "arn:aws:apigateway:us-east-1::/restapis/6fqciaodra",
            "binary_media_types": [],
            "body": null,
            "created_date": "2023-10-28T08:12:50Z",
            "description": "get visitors count",
            "disable_execute_api_endpoint": false,
            "endpoint_configuration": [
              {
                "types": [
                  "EDGE"
                ],
                "vpc_endpoint_ids": []
              }
            ],
            "execution_arn": "arn:aws:execute-api:us-east-1:825767410344:6fqciaodra",
            "fail_on_warnings": null,
            "id": "6fqciaodra",
            "minimum_compression_size": "",
            "name": "getapi",
            "parameters": null,
            "policy": "",
            "put_rest_api_mode": null,
            "root_resource_id": "k4rj94vt93",
            "tags": {},
            "tags_all": {}
          },
          "sensitive_attributes": [],
          "private": "bnVsbA==",
          "create_before_destroy": true
        }
      ]
    },
    {
      "mode": "managed",
      "type": "aws_api_gateway_rest_api",
      "name": "postapi",
      "provider": "provider[\"registry.terraform.io/hashicorp/aws\"]",
      "instances": [
        {
          "schema_version": 0,
          "attributes": {
            "api_key_source": "HEADER",
            "arn": "arn:aws:apigateway:us-east-1::/restapis/iig2epa9xb",
            "binary_media_types": [],
            "body": null,
            "created_date": "2023-10-28T08:12:50Z",
            "description": "increment visitors count",
            "disable_execute_api_endpoint": false,
            "endpoint_configuration": [
              {
                "types": [
                  "EDGE"
                ],
                "vpc_endpoint_ids": []
              }
            ],
            "execution_arn": "arn:aws:execute-api:us-east-1:825767410344:iig2epa9xb",
            "fail_on_warnings": null,
            "id": "iig2epa9xb",
            "minimum_compression_size": "",
            "name": "postapi",
            "parameters": null,
            "policy": "",
            "put_rest_api_mode": null,
            "root_resource_id": "o3ecneuawd",
            "tags": {},
            "tags_all": {}
          },
          "sensitive_attributes": [],
          "private": "bnVsbA==",
          "create_before_destroy": true
        }
      ]
    },
    {
      "mode": "managed",
      "type": "aws_api_gateway_stage",
      "name": "getstage",
      "provider": "provider[\"registry.terraform.io/hashicorp/aws\"]",
      "instances": [
        {
          "schema_version": 0,
          "attributes": {
            "access_log_settings": [],
            "arn": "arn:aws:apigateway:us-east-1::/restapis/6fqciaodra/stages/getprod",
            "cache_cluster_enabled": false,
            "cache_cluster_size": "",
            "canary_settings": [],
            "client_certificate_id": "",
            "deployment_id": "aomzas",
            "description": "",
            "documentation_version": "",
            "execution_arn": "arn:aws:execute-api:us-east-1:825767410344:6fqciaodra/getprod",
            "id": "ags-6fqciaodra-getprod",
            "invoke_url": "https://6fqciaodra.execute-api.us-east-1.amazonaws.com/getprod",
            "rest_api_id": "6fqciaodra",
            "stage_name": "getprod",
            "tags": {},
            "tags_all": {},
            "variables": {},
            "web_acl_arn": "",
            "xray_tracing_enabled": false
          },
          "sensitive_attributes": [],
          "private": "bnVsbA==",
          "dependencies": [
            "aws_api_gateway_deployment.getdeployment",
            "aws_api_gateway_integration.getintegration",
            "aws_api_gateway_integration.getoptionsintegration",
            "aws_api_gateway_method.getapimethod",
            "aws_api_gateway_method.getoptionsmethod",
            "aws_api_gateway_resource.getapiresource",
            "aws_api_gateway_rest_api.getapi",
            "aws_iam_policy.dynamodb_policy_get",
            "aws_iam_policy_attachment.get_lambda_dynamodb",
            "aws_iam_role.get_lambda_role",
            "aws_lambda_function.getlambda"
          ]
        }
      ]
    },
    {
      "mode": "managed",
      "type": "aws_api_gateway_stage",
      "name": "poststage",
      "provider": "provider[\"registry.terraform.io/hashicorp/aws\"]",
      "instances": [
        {
          "schema_version": 0,
          "attributes": {
            "access_log_settings": [],
            "arn": "arn:aws:apigateway:us-east-1::/restapis/iig2epa9xb/stages/postprod",
            "cache_cluster_enabled": false,
            "cache_cluster_size": "",
            "canary_settings": [],
            "client_certificate_id": "",
            "deployment_id": "g6jfac",
            "description": "",
            "documentation_version": "",
            "execution_arn": "arn:aws:execute-api:us-east-1:825767410344:iig2epa9xb/postprod",
            "id": "ags-iig2epa9xb-postprod",
            "invoke_url": "https://iig2epa9xb.execute-api.us-east-1.amazonaws.com/postprod",
            "rest_api_id": "iig2epa9xb",
            "stage_name": "postprod",
            "tags": {},
            "tags_all": {},
            "variables": {},
            "web_acl_arn": "",
            "xray_tracing_enabled": false
          },
          "sensitive_attributes": [],
          "private": "bnVsbA==",
          "dependencies": [
            "aws_api_gateway_deployment.postdeployment",
            "aws_api_gateway_integration.postintegration",
            "aws_api_gateway_integration.postoptionsintegration",
            "aws_api_gateway_method.postapimethod",
            "aws_api_gateway_method.postoptionsmethod",
            "aws_api_gateway_resource.postapiresource",
            "aws_api_gateway_rest_api.postapi",
            "aws_iam_policy.dynamodb_policy_post",
            "aws_iam_policy_attachment.post_lambda_dynamodb",
            "aws_iam_role.post_lambda_role",
            "aws_lambda_function.postlambda"
          ]
        }
      ]
    },
    {
      "mode": "managed",
      "type": "aws_dynamodb_table",
      "name": "terraform-state",
      "provider": "provider[\"registry.terraform.io/hashicorp/aws\"]",
      "instances": [
        {
          "schema_version": 1,
          "attributes": {
            "arn": "arn:aws:dynamodb:us-east-1:825767410344:table/terraform-state",
            "attribute": [
              {
                "name": "LockID",
                "type": "S"
              }
            ],
            "billing_mode": "PROVISIONED",
            "deletion_protection_enabled": false,
            "global_secondary_index": [],
            "hash_key": "LockID",
            "id": "terraform-state",
            "import_table": [],
            "local_secondary_index": [],
            "name": "terraform-state",
            "point_in_time_recovery": [
              {
                "enabled": false
              }
            ],
            "range_key": null,
            "read_capacity": 5,
            "replica": [],
            "restore_date_time": null,
            "restore_source_name": null,
            "restore_to_latest_time": null,
            "server_side_encryption": [],
            "stream_arn": "",
            "stream_enabled": false,
            "stream_label": "",
            "stream_view_type": "",
            "table_class": "STANDARD",
            "tags": {
              "Name": "Terraform State Lock"
            },
            "tags_all": {
              "Name": "Terraform State Lock"
            },
            "timeouts": null,
            "ttl": [
              {
                "attribute_name": "",
                "enabled": false
              }
            ],
            "write_capacity": 5
          },
          "sensitive_attributes": [],
          "private": "eyJlMmJmYjczMC1lY2FhLTExZTYtOGY4OC0zNDM2M2JjN2M0YzAiOnsiY3JlYXRlIjoxODAwMDAwMDAwMDAwLCJkZWxldGUiOjYwMDAwMDAwMDAwMCwidXBkYXRlIjozNjAwMDAwMDAwMDAwfSwic2NoZW1hX3ZlcnNpb24iOiIxIn0="
        }
      ]
    },
    {
      "mode": "managed",
      "type": "aws_dynamodb_table",
      "name": "visit-counter",
      "provider": "provider[\"registry.terraform.io/hashicorp/aws\"]",
      "instances": [
        {
          "schema_version": 1,
          "attributes": {
            "arn": "arn:aws:dynamodb:us-east-1:825767410344:table/visit-counter",
            "attribute": [
              {
                "name": "site_id",
                "type": "S"
              }
            ],
            "billing_mode": "PROVISIONED",
            "deletion_protection_enabled": false,
            "global_secondary_index": [],
            "hash_key": "site_id",
            "id": "visit-counter",
            "import_table": [],
            "local_secondary_index": [],
            "name": "visit-counter",
            "point_in_time_recovery": [
              {
                "enabled": false
              }
            ],
            "range_key": null,
            "read_capacity": 5,
            "replica": [],
            "restore_date_time": null,
            "restore_source_name": null,
            "restore_to_latest_time": null,
            "server_side_encryption": [],
            "stream_arn": "",
            "stream_enabled": false,
            "stream_label": "",
            "stream_view_type": "",
            "table_class": "STANDARD",
            "tags": {
              "Name": "Count visits"
            },
            "tags_all": {
              "Name": "Count visits"
            },
            "timeouts": null,
            "ttl": [
              {
                "attribute_name": "",
                "enabled": false
              }
            ],
            "write_capacity": 5
          },
          "sensitive_attributes": [],
          "private": "eyJlMmJmYjczMC1lY2FhLTExZTYtOGY4OC0zNDM2M2JjN2M0YzAiOnsiY3JlYXRlIjoxODAwMDAwMDAwMDAwLCJkZWxldGUiOjYwMDAwMDAwMDAwMCwidXBkYXRlIjozNjAwMDAwMDAwMDAwfSwic2NoZW1hX3ZlcnNpb24iOiIxIn0="
        }
      ]
    },
    {
      "mode": "managed",
      "type": "aws_iam_policy",
      "name": "cloudwatch_logs_policy",
      "provider": "provider[\"registry.terraform.io/hashicorp/aws\"]",
      "instances": [
        {
          "schema_version": 0,
          "attributes": {
            "arn": "arn:aws:iam::825767410344:policy/cloudwatch-logs-policy",
            "description": "",
            "id": "arn:aws:iam::825767410344:policy/cloudwatch-logs-policy",
            "name": "cloudwatch-logs-policy",
            "name_prefix": "",
            "path": "/",
            "policy": "{\"Statement\":[{\"Action\":[\"logs:CreateLogGroup\",\"logs:CreateLogStream\",\"logs:PutLogEvents\",\"logs:DescribeLogGroups\",\"logs:DescribeLogStreams\",\"logs:PutRetentionPolicy\",\"logs:GetLogEvents\"],\"Effect\":\"Allow\",\"Resource\":\"*\"}],\"Version\":\"2012-10-17\"}",
            "policy_id": "ANPA4AQ4SXKUB5Z6NHOFI",
            "tags": {},
            "tags_all": {}
          },
          "sensitive_attributes": [],
          "private": "bnVsbA=="
        }
      ]
    },
    {
      "mode": "managed",
      "type": "aws_iam_policy",
      "name": "dynamodb_policy_get",
      "provider": "provider[\"registry.terraform.io/hashicorp/aws\"]",
      "instances": [
        {
          "schema_version": 0,
          "attributes": {
            "arn": "arn:aws:iam::825767410344:policy/DynamoDBPolicyget",
            "description": "Allows DynamoDB access for Lambda functions",
            "id": "arn:aws:iam::825767410344:policy/DynamoDBPolicyget",
            "name": "DynamoDBPolicyget",
            "name_prefix": "",
            "path": "/",
            "policy": "{\"Statement\":[{\"Action\":[\"dynamodb:List*\",\"dynamodb:DescribeReservedCapacity*\",\"dynamodb:DescribeLimits\",\"dynamodb:DescribeTimeToLive\"],\"Effect\":\"Allow\",\"Resource\":\"*\"},{\"Action\":[\"apigateway:GET\",\"apigateway:OPTIONS\",\"cloudtrail:CreateTrail\",\"cloudtrail:StartLogging\",\"ec2:Describe*\",\"lambda:ListFunctions\",\"logs:CreateLogGroup\",\"logs:CreateLogStream\",\"logs:DescribeLogGroups\",\"logs:PutLogEvents\",\"sns:Get*\",\"sns:List*\",\"sns:Publish\",\"sns:Subscribe\",\"xray:Put*\",\"dynamodb:BatchGet*\",\"dynamodb:DescribeStream\",\"dynamodb:DescribeTable\",\"dynamodb:Get*\",\"dynamodb:Query\",\"dynamodb:Scan\",\"dynamodb:BatchWrite*\",\"dynamodb:CreateTable\",\"dynamodb:Delete*\",\"dynamodb:Update*\",\"dynamodb:PutItem\",\"dynamodb:List*\",\"dynamodb:DescribeReservedCapacity*\",\"dynamodb:DescribeLimits\",\"dynamodb:DescribeTimeToLive\"],\"Effect\":\"Allow\",\"Resource\":[\"*\"]}],\"Version\":\"2012-10-17\"}",
            "policy_id": "ANPA4AQ4SXKUOB77UCMY7",
            "tags": {},
            "tags_all": {}
          },
          "sensitive_attributes": [],
          "private": "bnVsbA==",
          "create_before_destroy": true
        }
      ]
    },
    {
      "mode": "managed",
      "type": "aws_iam_policy",
      "name": "dynamodb_policy_post",
      "provider": "provider[\"registry.terraform.io/hashicorp/aws\"]",
      "instances": [
        {
          "schema_version": 0,
          "attributes": {
            "arn": "arn:aws:iam::825767410344:policy/DynamoDBPolicypost",
            "description": "Allows DynamoDB access for Lambda functions",
            "id": "arn:aws:iam::825767410344:policy/DynamoDBPolicypost",
            "name": "DynamoDBPolicypost",
            "name_prefix": "",
            "path": "/",
            "policy": "{\"Statement\":[{\"Action\":[\"dynamodb:List*\",\"dynamodb:DescribeReservedCapacity*\",\"dynamodb:DescribeLimits\",\"dynamodb:DescribeTimeToLive\"],\"Effect\":\"Allow\",\"Resource\":\"*\"},{\"Action\":[\"apigateway:GET\",\"apigateway:OPTIONS\",\"cloudtrail:CreateTrail\",\"cloudtrail:StartLogging\",\"ec2:Describe*\",\"lambda:ListFunctions\",\"logs:CreateLogGroup\",\"logs:CreateLogStream\",\"logs:DescribeLogGroups\",\"logs:PutLogEvents\",\"sns:Get*\",\"sns:List*\",\"sns:Publish\",\"sns:Subscribe\",\"xray:Put*\",\"dynamodb:BatchGet*\",\"dynamodb:DescribeStream\",\"dynamodb:DescribeTable\",\"dynamodb:Get*\",\"dynamodb:Query\",\"dynamodb:Scan\",\"dynamodb:BatchWrite*\",\"dynamodb:CreateTable\",\"dynamodb:Delete*\",\"dynamodb:Update*\",\"dynamodb:PutItem\",\"dynamodb:List*\",\"dynamodb:DescribeReservedCapacity*\",\"dynamodb:DescribeLimits\",\"dynamodb:DescribeTimeToLive\"],\"Effect\":\"Allow\",\"Resource\":[\"*\"]}],\"Version\":\"2012-10-17\"}",
            "policy_id": "ANPA4AQ4SXKUMTIODXXZY",
            "tags": {},
            "tags_all": {}
          },
          "sensitive_attributes": [],
          "private": "bnVsbA==",
          "create_before_destroy": true
        }
      ]
    },
    {
      "mode": "managed",
      "type": "aws_iam_policy",
      "name": "lambda_execution_policy",
      "provider": "provider[\"registry.terraform.io/hashicorp/aws\"]",
      "instances": [
        {
          "schema_version": 0,
          "attributes": {
            "arn": "arn:aws:iam::825767410344:policy/lambda-execution-policy",
            "description": "",
            "id": "arn:aws:iam::825767410344:policy/lambda-execution-policy",
            "name": "lambda-execution-policy",
            "name_prefix": "",
            "path": "/",
            "policy": "{\"Statement\":[{\"Action\":\"lambda:InvokeFunction\",\"Effect\":\"Allow\",\"Resource\":\"arn:aws:lambda:us-east-1:825767410344:function:getlambda , arn:aws:lambda:us-east-1:825767410344:function:postlambda\"}],\"Version\":\"2012-10-17\"}",
            "policy_id": "ANPA4AQ4SXKUN5ITQSMSQ",
            "tags": {},
            "tags_all": {}
          },
          "sensitive_attributes": [],
          "private": "bnVsbA==",
          "dependencies": [
            "aws_iam_policy.dynamodb_policy_get",
            "aws_iam_policy.dynamodb_policy_post",
            "aws_iam_policy_attachment.get_lambda_dynamodb",
            "aws_iam_policy_attachment.post_lambda_dynamodb",
            "aws_iam_role.get_lambda_role",
            "aws_iam_role.post_lambda_role",
            "aws_lambda_function.getlambda",
            "aws_lambda_function.postlambda"
          ]
        }
      ]
    },
    {
      "mode": "managed",
      "type": "aws_iam_policy_attachment",
      "name": "cloudwatch_logs_policy_attachment",
      "provider": "provider[\"registry.terraform.io/hashicorp/aws\"]",
      "instances": [
        {
          "schema_version": 0,
          "attributes": {
            "groups": [],
            "id": "cloudwatch-logs-policy-attachment",
            "name": "cloudwatch-logs-policy-attachment",
            "policy_arn": "arn:aws:iam::825767410344:policy/cloudwatch-logs-policy",
            "roles": [
              "cloudwatch-logs-role"
            ],
            "users": []
          },
          "sensitive_attributes": [],
          "private": "bnVsbA==",
          "dependencies": [
            "aws_iam_policy.cloudwatch_logs_policy",
            "aws_iam_role.cloudwatch_logs_role"
          ]
        }
      ]
    },
    {
      "mode": "managed",
      "type": "aws_iam_policy_attachment",
      "name": "get_lambda_dynamodb",
      "provider": "provider[\"registry.terraform.io/hashicorp/aws\"]",
      "instances": [
        {
          "schema_version": 0,
          "attributes": {
            "groups": [],
            "id": "dynamodb-attachment-get",
            "name": "dynamodb-attachment-get",
            "policy_arn": "arn:aws:iam::825767410344:policy/DynamoDBPolicyget",
            "roles": [
              "get_lambda_role"
            ],
            "users": []
          },
          "sensitive_attributes": [],
          "private": "bnVsbA==",
          "dependencies": [
            "aws_iam_policy.dynamodb_policy_get",
            "aws_iam_role.get_lambda_role"
          ],
          "create_before_destroy": true
        }
      ]
    },
    {
      "mode": "managed",
      "type": "aws_iam_policy_attachment",
      "name": "get_lambda_dynamodb_options",
      "provider": "provider[\"registry.terraform.io/hashicorp/aws\"]",
      "instances": [
        {
          "schema_version": 0,
          "attributes": {
            "groups": [],
            "id": "dynamodb-attachment-get-options",
            "name": "dynamodb-attachment-get-options",
            "policy_arn": "arn:aws:iam::825767410344:policy/DynamoDBPolicyget",
            "roles": [
              "get_lambda_role"
            ],
            "users": []
          },
          "sensitive_attributes": [],
          "private": "bnVsbA==",
          "dependencies": [
            "aws_iam_policy.dynamodb_policy_get",
            "aws_iam_role.get_lambda_role"
          ]
        }
      ]
    },
    {
      "mode": "managed",
      "type": "aws_iam_policy_attachment",
      "name": "post_lambda_dynamodb",
      "provider": "provider[\"registry.terraform.io/hashicorp/aws\"]",
      "instances": [
        {
          "schema_version": 0,
          "attributes": {
            "groups": [],
            "id": "dynamodb-attachment-post",
            "name": "dynamodb-attachment-post",
            "policy_arn": "arn:aws:iam::825767410344:policy/DynamoDBPolicypost",
            "roles": [
              "post_lambda_role"
            ],
            "users": []
          },
          "sensitive_attributes": [],
          "private": "bnVsbA==",
          "dependencies": [
            "aws_iam_policy.dynamodb_policy_post",
            "aws_iam_role.post_lambda_role"
          ],
          "create_before_destroy": true
        }
      ]
    },
    {
      "mode": "managed",
      "type": "aws_iam_policy_attachment",
      "name": "post_lambda_dynamodb_options",
      "provider": "provider[\"registry.terraform.io/hashicorp/aws\"]",
      "instances": [
        {
          "schema_version": 0,
          "attributes": {
            "groups": [],
            "id": "dynamodb-attachment-post-options",
            "name": "dynamodb-attachment-post-options",
            "policy_arn": "arn:aws:iam::825767410344:policy/DynamoDBPolicypost",
            "roles": [
              "post_lambda_role"
            ],
            "users": []
          },
          "sensitive_attributes": [],
          "private": "bnVsbA==",
          "dependencies": [
            "aws_iam_policy.dynamodb_policy_post",
            "aws_iam_role.post_lambda_role"
          ]
        }
      ]
    },
    {
      "mode": "managed",
      "type": "aws_iam_role",
      "name": "cloudwatch_logs_role",
      "provider": "provider[\"registry.terraform.io/hashicorp/aws\"]",
      "instances": [
        {
          "schema_version": 0,
          "attributes": {
            "arn": "arn:aws:iam::825767410344:role/cloudwatch-logs-role",
            "assume_role_policy": "{\"Statement\":[{\"Action\":\"sts:AssumeRole\",\"Effect\":\"Allow\",\"Principal\":{\"Service\":\"apigateway.amazonaws.com\"}}],\"Version\":\"2012-10-17\"}",
            "create_date": "2023-10-27T11:27:13Z",
            "description": "",
            "force_detach_policies": false,
            "id": "cloudwatch-logs-role",
            "inline_policy": [],
            "managed_policy_arns": [
              "arn:aws:iam::825767410344:policy/cloudwatch-logs-policy"
            ],
            "max_session_duration": 3600,
            "name": "cloudwatch-logs-role",
            "name_prefix": "",
            "path": "/",
            "permissions_boundary": "",
            "tags": {},
            "tags_all": {},
            "unique_id": "AROA4AQ4SXKUNVKO4KY2Y"
          },
          "sensitive_attributes": [],
          "private": "bnVsbA=="
        }
      ]
    },
    {
      "mode": "managed",
      "type": "aws_iam_role",
      "name": "dynamodb_policy_get_options",
      "provider": "provider[\"registry.terraform.io/hashicorp/aws\"]",
      "instances": [
        {
          "schema_version": 0,
          "attributes": {
            "arn": "arn:aws:iam::825767410344:role/DynamoDBPolicygetOptions",
            "assume_role_policy": "{\"Statement\":[{\"Action\":\"sts:AssumeRole\",\"Effect\":\"Allow\",\"Principal\":{\"Service\":\"lambda.amazonaws.com\"}},{\"Action\":\"sts:AssumeRole\",\"Effect\":\"Allow\",\"Principal\":{\"Service\":\"apigateway.amazonaws.com\"}}],\"Version\":\"2012-10-17\"}",
            "create_date": "2023-10-28T09:44:13Z",
            "description": "",
            "force_detach_policies": false,
            "id": "DynamoDBPolicygetOptions",
            "inline_policy": [],
            "managed_policy_arns": [],
            "max_session_duration": 3600,
            "name": "DynamoDBPolicygetOptions",
            "name_prefix": "",
            "path": "/",
            "permissions_boundary": "",
            "tags": {},
            "tags_all": {},
            "unique_id": "AROA4AQ4SXKUGS55ISJWR"
          },
          "sensitive_attributes": [],
          "private": "bnVsbA=="
        }
      ]
    },
    {
      "mode": "managed",
      "type": "aws_iam_role",
      "name": "dynamodb_policy_post_options",
      "provider": "provider[\"registry.terraform.io/hashicorp/aws\"]",
      "instances": [
        {
          "schema_version": 0,
          "attributes": {
            "arn": "arn:aws:iam::825767410344:role/DynamoDBPolicypostOptions",
            "assume_role_policy": "{\"Statement\":[{\"Action\":\"sts:AssumeRole\",\"Effect\":\"Allow\",\"Principal\":{\"Service\":\"lambda.amazonaws.com\"}},{\"Action\":\"sts:AssumeRole\",\"Effect\":\"Allow\",\"Principal\":{\"Service\":\"apigateway.amazonaws.com\"}}],\"Version\":\"2012-10-17\"}",
            "create_date": "2023-10-28T09:44:13Z",
            "description": "",
            "force_detach_policies": false,
            "id": "DynamoDBPolicypostOptions",
            "inline_policy": [],
            "managed_policy_arns": [],
            "max_session_duration": 3600,
            "name": "DynamoDBPolicypostOptions",
            "name_prefix": "",
            "path": "/",
            "permissions_boundary": "",
            "tags": {},
            "tags_all": {},
            "unique_id": "AROA4AQ4SXKUHKBNEWNAJ"
          },
          "sensitive_attributes": [],
          "private": "bnVsbA=="
        }
      ]
    },
    {
      "mode": "managed",
      "type": "aws_iam_role",
      "name": "get_lambda_role",
      "provider": "provider[\"registry.terraform.io/hashicorp/aws\"]",
      "instances": [
        {
          "schema_version": 0,
          "attributes": {
            "arn": "arn:aws:iam::825767410344:role/get_lambda_role",
            "assume_role_policy": "{\"Statement\":[{\"Action\":\"sts:AssumeRole\",\"Effect\":\"Allow\",\"Principal\":{\"Service\":\"lambda.amazonaws.com\"}},{\"Action\":\"sts:AssumeRole\",\"Effect\":\"Allow\",\"Principal\":{\"Service\":\"apigateway.amazonaws.com\"}}],\"Version\":\"2012-10-17\"}",
            "create_date": "2023-10-26T16:27:22Z",
            "description": "",
            "force_detach_policies": false,
            "id": "get_lambda_role",
            "inline_policy": [],
            "managed_policy_arns": [
              "arn:aws:iam::825767410344:policy/DynamoDBPolicyget"
            ],
            "max_session_duration": 3600,
            "name": "get_lambda_role",
            "name_prefix": "",
            "path": "/",
            "permissions_boundary": "",
            "tags": {},
            "tags_all": {},
            "unique_id": "AROA4AQ4SXKUER66424RQ"
          },
          "sensitive_attributes": [],
          "private": "bnVsbA==",
          "create_before_destroy": true
        }
      ]
    },
    {
      "mode": "managed",
      "type": "aws_iam_role",
      "name": "lambda_execution_role",
      "provider": "provider[\"registry.terraform.io/hashicorp/aws\"]",
      "instances": [
        {
          "schema_version": 0,
          "attributes": {
            "arn": "arn:aws:iam::825767410344:role/lambda-execution-role",
            "assume_role_policy": "{\"Statement\":[{\"Action\":\"sts:AssumeRole\",\"Effect\":\"Allow\",\"Principal\":{\"Service\":\"lambda.amazonaws.com\"}}],\"Version\":\"2012-10-17\"}",
            "create_date": "2023-10-27T11:11:25Z",
            "description": "",
            "force_detach_policies": false,
            "id": "lambda-execution-role",
            "inline_policy": [],
            "managed_policy_arns": [
              "arn:aws:iam::825767410344:policy/lambda-execution-policy"
            ],
            "max_session_duration": 3600,
            "name": "lambda-execution-role",
            "name_prefix": "",
            "path": "/",
            "permissions_boundary": "",
            "tags": {},
            "tags_all": {},
            "unique_id": "AROA4AQ4SXKUCTS7OIHME"
          },
          "sensitive_attributes": [],
          "private": "bnVsbA=="
        }
      ]
    },
    {
      "mode": "managed",
      "type": "aws_iam_role",
      "name": "post_lambda_role",
      "provider": "provider[\"registry.terraform.io/hashicorp/aws\"]",
      "instances": [
        {
          "schema_version": 0,
          "attributes": {
            "arn": "arn:aws:iam::825767410344:role/post_lambda_role",
            "assume_role_policy": "{\"Statement\":[{\"Action\":\"sts:AssumeRole\",\"Effect\":\"Allow\",\"Principal\":{\"Service\":\"lambda.amazonaws.com\"}},{\"Action\":\"sts:AssumeRole\",\"Effect\":\"Allow\",\"Principal\":{\"Service\":\"apigateway.amazonaws.com\"}}],\"Version\":\"2012-10-17\"}",
            "create_date": "2023-10-26T16:27:22Z",
            "description": "",
            "force_detach_policies": false,
            "id": "post_lambda_role",
            "inline_policy": [],
            "managed_policy_arns": [
              "arn:aws:iam::825767410344:policy/DynamoDBPolicypost"
            ],
            "max_session_duration": 3600,
            "name": "post_lambda_role",
            "name_prefix": "",
            "path": "/",
            "permissions_boundary": "",
            "tags": {},
            "tags_all": {},
            "unique_id": "AROA4AQ4SXKUPCC22J6M7"
          },
          "sensitive_attributes": [],
          "private": "bnVsbA==",
          "create_before_destroy": true
        }
      ]
    },
    {
      "mode": "managed",
      "type": "aws_iam_role_policy_attachment",
      "name": "lambda_execution_attachment",
      "provider": "provider[\"registry.terraform.io/hashicorp/aws\"]",
      "instances": [
        {
          "schema_version": 0,
          "attributes": {
            "id": "lambda-execution-role-20231027111125331000000001",
            "policy_arn": "arn:aws:iam::825767410344:policy/lambda-execution-policy",
            "role": "lambda-execution-role"
          },
          "sensitive_attributes": [],
          "private": "bnVsbA==",
          "dependencies": [
            "aws_iam_policy.dynamodb_policy_get",
            "aws_iam_policy.dynamodb_policy_post",
            "aws_iam_policy.lambda_execution_policy",
            "aws_iam_policy_attachment.get_lambda_dynamodb",
            "aws_iam_policy_attachment.post_lambda_dynamodb",
            "aws_iam_role.get_lambda_role",
            "aws_iam_role.lambda_execution_role",
            "aws_iam_role.post_lambda_role",
            "aws_lambda_function.getlambda",
            "aws_lambda_function.postlambda"
          ]
        }
      ]
    },
    {
      "mode": "managed",
      "type": "aws_lambda_function",
      "name": "getlambda",
      "provider": "provider[\"registry.terraform.io/hashicorp/aws\"]",
      "instances": [
        {
          "schema_version": 0,
          "attributes": {
            "architectures": [
              "x86_64"
            ],
            "arn": "arn:aws:lambda:us-east-1:825767410344:function:getlambda",
            "code_signing_config_arn": "",
            "dead_letter_config": [],
            "description": "",
            "environment": [],
            "ephemeral_storage": [
              {
                "size": 512
              }
            ],
            "file_system_config": [],
            "filename": "get.zip",
            "function_name": "getlambda",
            "handler": "get.lambda_handler",
            "id": "getlambda",
            "image_config": [],
            "image_uri": "",
            "invoke_arn": "arn:aws:apigateway:us-east-1:lambda:path/2015-03-31/functions/arn:aws:lambda:us-east-1:825767410344:function:getlambda/invocations",
            "kms_key_arn": "",
            "last_modified": "2023-10-28T09:29:36.000+0000",
            "layers": [],
            "memory_size": 128,
            "package_type": "Zip",
            "publish": false,
            "qualified_arn": "arn:aws:lambda:us-east-1:825767410344:function:getlambda:$LATEST",
            "qualified_invoke_arn": "arn:aws:apigateway:us-east-1:lambda:path/2015-03-31/functions/arn:aws:lambda:us-east-1:825767410344:function:getlambda:$LATEST/invocations",
            "replace_security_groups_on_destroy": null,
            "replacement_security_group_ids": null,
            "reserved_concurrent_executions": -1,
            "role": "arn:aws:iam::825767410344:role/get_lambda_role",
            "runtime": "python3.7",
            "s3_bucket": null,
            "s3_key": null,
            "s3_object_version": null,
            "signing_job_arn": "",
            "signing_profile_version_arn": "",
            "skip_destroy": false,
            "snap_start": [],
            "source_code_hash": "gCd6rCfWB6AMfGp74uMnUsHeuRY/c39xAN8nd8xlPmk=",
            "source_code_size": 782,
            "tags": {},
            "tags_all": {},
            "timeout": 3,
            "timeouts": null,
            "tracing_config": [
              {
                "mode": "PassThrough"
              }
            ],
            "version": "$LATEST",
            "vpc_config": []
          },
          "sensitive_attributes": [],
          "private": "eyJlMmJmYjczMC1lY2FhLTExZTYtOGY4OC0zNDM2M2JjN2M0YzAiOnsiY3JlYXRlIjo2MDAwMDAwMDAwMDAsImRlbGV0ZSI6NjAwMDAwMDAwMDAwLCJ1cGRhdGUiOjYwMDAwMDAwMDAwMH19",
          "dependencies": [
            "aws_iam_policy.dynamodb_policy_get",
            "aws_iam_policy_attachment.get_lambda_dynamodb",
            "aws_iam_role.get_lambda_role"
          ],
          "create_before_destroy": true
        }
      ]
    },
    {
      "mode": "managed",
      "type": "aws_lambda_function",
      "name": "postlambda",
      "provider": "provider[\"registry.terraform.io/hashicorp/aws\"]",
      "instances": [
        {
          "schema_version": 0,
          "attributes": {
            "architectures": [
              "x86_64"
            ],
            "arn": "arn:aws:lambda:us-east-1:825767410344:function:postlambda",
            "code_signing_config_arn": "",
            "dead_letter_config": [],
            "description": "",
            "environment": [],
            "ephemeral_storage": [
              {
                "size": 512
              }
            ],
            "file_system_config": [],
            "filename": "post.zip",
            "function_name": "postlambda",
            "handler": "post.lambda_handler",
            "id": "postlambda",
            "image_config": [],
            "image_uri": "",
            "invoke_arn": "arn:aws:apigateway:us-east-1:lambda:path/2015-03-31/functions/arn:aws:lambda:us-east-1:825767410344:function:postlambda/invocations",
            "kms_key_arn": "",
            "last_modified": "2023-10-28T09:29:42.000+0000",
            "layers": [],
            "memory_size": 128,
            "package_type": "Zip",
            "publish": false,
            "qualified_arn": "arn:aws:lambda:us-east-1:825767410344:function:postlambda:$LATEST",
            "qualified_invoke_arn": "arn:aws:apigateway:us-east-1:lambda:path/2015-03-31/functions/arn:aws:lambda:us-east-1:825767410344:function:postlambda:$LATEST/invocations",
            "replace_security_groups_on_destroy": null,
            "replacement_security_group_ids": null,
            "reserved_concurrent_executions": -1,
            "role": "arn:aws:iam::825767410344:role/post_lambda_role",
            "runtime": "python3.7",
            "s3_bucket": null,
            "s3_key": null,
            "s3_object_version": null,
            "signing_job_arn": "",
            "signing_profile_version_arn": "",
            "skip_destroy": false,
            "snap_start": [],
            "source_code_hash": "T5ADzkMGxci/UV6dhNfeZgMFbj6/UaQbhco1tNBEgiw=",
            "source_code_size": 1031,
            "tags": {},
            "tags_all": {},
            "timeout": 3,
            "timeouts": null,
            "tracing_config": [
              {
                "mode": "PassThrough"
              }
            ],
            "version": "$LATEST",
            "vpc_config": []
          },
          "sensitive_attributes": [],
          "private": "eyJlMmJmYjczMC1lY2FhLTExZTYtOGY4OC0zNDM2M2JjN2M0YzAiOnsiY3JlYXRlIjo2MDAwMDAwMDAwMDAsImRlbGV0ZSI6NjAwMDAwMDAwMDAwLCJ1cGRhdGUiOjYwMDAwMDAwMDAwMH19",
          "dependencies": [
            "aws_iam_policy.dynamodb_policy_post",
            "aws_iam_policy_attachment.post_lambda_dynamodb",
            "aws_iam_role.post_lambda_role"
          ],
          "create_before_destroy": true
        }
      ]
    },
    {
      "mode": "managed",
      "type": "aws_lambda_permission",
      "name": "getapigw_lambda",
      "provider": "provider[\"registry.terraform.io/hashicorp/aws\"]",
      "instances": [
        {
          "schema_version": 0,
          "attributes": {
            "action": "lambda:InvokeFunction",
            "event_source_token": null,
            "function_name": "getlambda",
            "function_url_auth_type": null,
            "id": "AllowExecutionFromAPIGateway",
            "principal": "apigateway.amazonaws.com",
            "principal_org_id": null,
            "qualifier": "",
            "source_account": null,
            "source_arn": "arn:aws:execute-api:us-east-1:825767410344:6fqciaodra/*/GET/getapiresource",
            "statement_id": "AllowExecutionFromAPIGateway",
            "statement_id_prefix": ""
          },
          "sensitive_attributes": [],
          "private": "bnVsbA==",
          "dependencies": [
            "aws_api_gateway_method.getapimethod",
            "aws_api_gateway_resource.getapiresource",
            "aws_api_gateway_rest_api.getapi",
            "aws_iam_policy.dynamodb_policy_get",
            "aws_iam_policy_attachment.get_lambda_dynamodb",
            "aws_iam_role.get_lambda_role",
            "aws_lambda_function.getlambda"
          ]
        }
      ]
    },
    {
      "mode": "managed",
      "type": "aws_lambda_permission",
      "name": "postapigw_lambda",
      "provider": "provider[\"registry.terraform.io/hashicorp/aws\"]",
      "instances": [
        {
          "schema_version": 0,
          "attributes": {
            "action": "lambda:InvokeFunction",
            "event_source_token": null,
            "function_name": "postlambda",
            "function_url_auth_type": null,
            "id": "AllowExecutionFromAPIGateway",
            "principal": "apigateway.amazonaws.com",
            "principal_org_id": null,
            "qualifier": "",
            "source_account": null,
            "source_arn": "arn:aws:execute-api:us-east-1:825767410344:iig2epa9xb/*/POST/postapiresource",
            "statement_id": "AllowExecutionFromAPIGateway",
            "statement_id_prefix": ""
          },
          "sensitive_attributes": [],
          "private": "bnVsbA==",
          "dependencies": [
            "aws_api_gateway_method.postapimethod",
            "aws_api_gateway_resource.postapiresource",
            "aws_api_gateway_rest_api.postapi",
            "aws_iam_policy.dynamodb_policy_post",
            "aws_iam_policy_attachment.post_lambda_dynamodb",
            "aws_iam_role.post_lambda_role",
            "aws_lambda_function.postlambda"
          ]
        }
      ]
    },
    {
      "mode": "managed",
      "type": "aws_route53_record",
      "name": "myapp",
      "provider": "provider[\"registry.terraform.io/hashicorp/aws\"]",
      "instances": [
        {
          "schema_version": 2,
          "attributes": {
            "alias": [
              {
                "evaluate_target_health": false,
                "name": "d2lvm7mc97iq0h.cloudfront.net",
                "zone_id": "Z2FDTNDATAQYW2"
              }
            ],
            "allow_overwrite": null,
            "cidr_routing_policy": [],
            "failover_routing_policy": [],
            "fqdn": "r0gu3.me",
            "geolocation_routing_policy": [],
            "health_check_id": "",
            "id": "Z0669359URSWNH73FGLI_r0gu3.me_A",
            "latency_routing_policy": [],
            "multivalue_answer_routing_policy": false,
            "name": "r0gu3.me",
            "records": [],
            "set_identifier": "",
            "ttl": 0,
            "type": "A",
            "weighted_routing_policy": [],
            "zone_id": "Z0669359URSWNH73FGLI"
          },
          "sensitive_attributes": [],
          "private": "eyJzY2hlbWFfdmVyc2lvbiI6IjIifQ==",
          "dependencies": [
            "data.aws_cloudfront_response_headers_policy.headers_policy",
            "module.acm.aws_acm_certificate.this",
            "module.acm.aws_acm_certificate_validation.this",
            "module.acm.aws_route53_record.validation",
            "module.cloudfront_s3.aws_cloudfront_distribution.this",
            "module.cloudfront_s3.aws_cloudfront_origin_access_identity.this",
            "module.cloudfront_s3.aws_s3_bucket.log_bucket",
            "module.cloudfront_s3.aws_s3_bucket.origin",
            "module.cloudfront_s3.aws_s3_bucket_acl.log_bucket_acl",
            "module.cloudfront_s3.aws_s3_bucket_lifecycle_configuration.this",
            "module.cloudfront_s3.aws_s3_bucket_ownership_controls.log_bucket",
            "module.cloudfront_s3.aws_s3_bucket_policy.this",
            "module.cloudfront_s3.aws_s3_bucket_public_access_block.log_bucket",
            "module.cloudfront_s3.aws_s3_bucket_public_access_block.this",
            "module.cloudfront_s3.aws_s3_bucket_server_side_encryption_configuration.log_bucket",
            "module.cloudfront_s3.aws_s3_bucket_server_side_encryption_configuration.this",
            "module.cloudfront_s3.aws_s3_bucket_versioning.this",
            "module.cloudfront_s3.data.aws_canonical_user_id.current",
            "module.cloudfront_s3.data.aws_cloudfront_log_delivery_canonical_user_id.canonical_user",
            "module.cloudfront_s3.data.aws_iam_policy_document.s3_policy_document",
            "module.zones.aws_route53_zone.this"
          ]
        }
      ]
    },
    {
      "module": "module.acm",
      "mode": "managed",
      "type": "aws_acm_certificate",
      "name": "this",
      "provider": "provider[\"registry.terraform.io/hashicorp/aws\"].us-east-1",
      "instances": [
        {
          "index_key": 0,
          "schema_version": 0,
          "attributes": {
            "arn": "arn:aws:acm:us-east-1:825767410344:certificate/022b056b-7adc-4ba4-9435-53cb60b88ec3",
            "certificate_authority_arn": "",
            "certificate_body": null,
            "certificate_chain": null,
            "domain_name": "r0gu3.me",
            "domain_validation_options": [
              {
                "domain_name": "r0gu3.me",
                "resource_record_name": "_20e398599bd6a07709e85f2c22567a6a.r0gu3.me.",
                "resource_record_type": "CNAME",
                "resource_record_value": "_8e91cd9c9c7fc488d499442b8bdd1893.fyysydvyhk.acm-validations.aws."
              }
            ],
            "early_renewal_duration": "",
            "id": "arn:aws:acm:us-east-1:825767410344:certificate/022b056b-7adc-4ba4-9435-53cb60b88ec3",
            "key_algorithm": "RSA_2048",
            "not_after": "2024-11-21T23:59:59Z",
            "not_before": "2023-10-24T00:00:00Z",
            "options": [
              {
                "certificate_transparency_logging_preference": "ENABLED"
              }
            ],
            "pending_renewal": false,
            "private_key": null,
            "renewal_eligibility": "ELIGIBLE",
            "renewal_summary": [],
            "status": "ISSUED",
            "subject_alternative_names": [
              "r0gu3.me"
            ],
            "tags": {
              "Name": "r0gu3.me-acm"
            },
            "tags_all": {
              "Name": "r0gu3.me-acm",
              "automation": "terraform",
              "environment": "dev",
              "project": "aws-angular-app"
            },
            "type": "AMAZON_ISSUED",
            "validation_emails": [],
            "validation_method": "DNS",
            "validation_option": []
          },
          "sensitive_attributes": [],
          "private": "bnVsbA==",
          "dependencies": [
            "module.zones.aws_route53_zone.this"
          ],
          "create_before_destroy": true
        }
      ]
    },
    {
      "module": "module.acm",
      "mode": "managed",
      "type": "aws_acm_certificate_validation",
      "name": "this",
      "provider": "provider[\"registry.terraform.io/hashicorp/aws\"].us-east-1",
      "instances": [
        {
          "index_key": 0,
          "schema_version": 0,
          "attributes": {
            "certificate_arn": "arn:aws:acm:us-east-1:825767410344:certificate/022b056b-7adc-4ba4-9435-53cb60b88ec3",
            "id": "0001-01-01 00:00:00 +0000 UTC",
            "timeouts": {
              "create": null
            },
            "validation_record_fqdns": null
          },
          "sensitive_attributes": [],
          "private": "eyJlMmJmYjczMC1lY2FhLTExZTYtOGY4OC0zNDM2M2JjN2M0YzAiOnsiY3JlYXRlIjo0NTAwMDAwMDAwMDAwfX0=",
          "dependencies": [
            "module.acm.aws_acm_certificate.this",
            "module.acm.aws_route53_record.validation",
            "module.zones.aws_route53_zone.this"
          ]
        }
      ]
    },
    {
      "module": "module.cloudfront_s3",
      "mode": "data",
      "type": "aws_canonical_user_id",
      "name": "current",
      "provider": "provider[\"registry.terraform.io/hashicorp/aws\"]",
      "instances": [
        {
          "schema_version": 0,
          "attributes": {
            "display_name": "kareemmoataz13",
            "id": "6362f5863c14f271a23f2e5932c0bf9c4fd9eaeb68dec547c7b180b41a185fa4"
          },
          "sensitive_attributes": []
        }
      ]
    },
    {
      "module": "module.cloudfront_s3",
      "mode": "data",
      "type": "aws_cloudfront_log_delivery_canonical_user_id",
      "name": "canonical_user",
      "provider": "provider[\"registry.terraform.io/hashicorp/aws\"]",
      "instances": [
        {
          "schema_version": 0,
          "attributes": {
            "id": "c4c1ede66af53448b93c283ce9448c4ba468c9432aa01d700d3878632f77d2d0",
            "region": null
          },
          "sensitive_attributes": []
        }
      ]
    },
    {
      "module": "module.cloudfront_s3",
      "mode": "data",
      "type": "aws_iam_policy_document",
      "name": "s3_policy_document",
      "provider": "provider[\"registry.terraform.io/hashicorp/aws\"]",
      "instances": [
        {
          "schema_version": 0,
          "attributes": {
            "id": "1752229187",
            "json": "{\n  \"Version\": \"2012-10-17\",\n  \"Statement\": [\n    {\n      \"Sid\": \"S3GetObjectForCloudFront\",\n      \"Effect\": \"Allow\",\n      \"Action\": \"s3:GetObject\",\n      \"Resource\": \"arn:aws:s3:::aws-angular-app-bucket/*\",\n      \"Principal\": {\n        \"AWS\": \"arn:aws:iam::cloudfront:user/CloudFront Origin Access Identity E1TXJLSWL0YHMZ\"\n      }\n    }\n  ]\n}",
            "override_policy_documents": null,
            "policy_id": null,
            "source_policy_documents": null,
            "statement": [
              {
                "actions": [
                  "s3:GetObject"
                ],
                "condition": [],
                "effect": "Allow",
                "not_actions": [],
                "not_principals": [],
                "not_resources": [],
                "principals": [
                  {
                    "identifiers": [
                      "arn:aws:iam::cloudfront:user/CloudFront Origin Access Identity E1TXJLSWL0YHMZ"
                    ],
                    "type": "AWS"
                  }
                ],
                "resources": [
                  "arn:aws:s3:::aws-angular-app-bucket/*"
                ],
                "sid": "S3GetObjectForCloudFront"
              }
            ],
            "version": "2012-10-17"
          },
          "sensitive_attributes": []
        }
      ]
    },
    {
      "module": "module.cloudfront_s3",
      "mode": "managed",
      "type": "aws_cloudfront_distribution",
      "name": "this",
      "provider": "provider[\"registry.terraform.io/hashicorp/aws\"]",
      "instances": [
        {
          "schema_version": 1,
          "attributes": {
            "aliases": [
              "r0gu3.me"
            ],
            "arn": "arn:aws:cloudfront::825767410344:distribution/E1Q2JXWYKD0IYS",
            "caller_reference": "terraform-20231024151155569000000003",
            "comment": "CDN aws-angular-app-bucket",
            "continuous_deployment_policy_id": "",
            "custom_error_response": [
              {
                "error_caching_min_ttl": 10,
                "error_code": 403,
                "response_code": 200,
                "response_page_path": "/index.html"
              },
              {
                "error_caching_min_ttl": 10,
                "error_code": 404,
                "response_code": 200,
                "response_page_path": "/index.html"
              }
            ],
            "default_cache_behavior": [
              {
                "allowed_methods": [
                  "DELETE",
                  "GET",
                  "HEAD",
                  "OPTIONS",
                  "PATCH",
                  "POST",
                  "PUT"
                ],
                "cache_policy_id": "",
                "cached_methods": [
                  "GET",
                  "HEAD"
                ],
                "compress": false,
                "default_ttl": 3600,
                "field_level_encryption_id": "",
                "forwarded_values": [
                  {
                    "cookies": [
                      {
                        "forward": "none",
                        "whitelisted_names": []
                      }
                    ],
                    "headers": [],
                    "query_string": false,
                    "query_string_cache_keys": []
                  }
                ],
                "function_association": [],
                "lambda_function_association": [],
                "max_ttl": 86400,
                "min_ttl": 0,
                "origin_request_policy_id": "",
                "realtime_log_config_arn": "",
                "response_headers_policy_id": "67f7725c-6f97-4210-82d7-5512b31e9d03",
                "smooth_streaming": false,
                "target_origin_id": "aws-angular-app-bucket.s3.us-east-1.amazonaws.com",
                "trusted_key_groups": [],
                "trusted_signers": [],
                "viewer_protocol_policy": "redirect-to-https"
              }
            ],
            "default_root_object": "index.html",
            "domain_name": "d2lvm7mc97iq0h.cloudfront.net",
            "enabled": true,
            "etag": "E10VP4HREWEWNM",
            "hosted_zone_id": "Z2FDTNDATAQYW2",
            "http_version": "http2",
            "id": "E1Q2JXWYKD0IYS",
            "in_progress_validation_batches": 0,
            "is_ipv6_enabled": true,
            "last_modified_time": "2023-10-24 15:11:56.917 +0000 UTC",
            "logging_config": [
              {
                "bucket": "aws-angular-app-bucket-cloudfront-logs.s3.amazonaws.com",
                "include_cookies": false,
                "prefix": "cloudfront"
              }
            ],
            "ordered_cache_behavior": [],
            "origin": [
              {
                "connection_attempts": 3,
                "connection_timeout": 10,
                "custom_header": [],
                "custom_origin_config": [],
                "domain_name": "aws-angular-app-bucket.s3.us-east-1.amazonaws.com",
                "origin_access_control_id": "",
                "origin_id": "aws-angular-app-bucket.s3.us-east-1.amazonaws.com",
                "origin_path": "",
                "origin_shield": [],
                "s3_origin_config": [
                  {
                    "origin_access_identity": "origin-access-identity/cloudfront/E1TXJLSWL0YHMZ"
                  }
                ]
              }
            ],
            "origin_group": [],
            "price_class": "PriceClass_All",
            "restrictions": [
              {
                "geo_restriction": [
                  {
                    "locations": [],
                    "restriction_type": "none"
                  }
                ]
              }
            ],
            "retain_on_delete": false,
            "staging": false,
            "status": "Deployed",
            "tags": {},
            "tags_all": {},
            "trusted_key_groups": [
              {
                "enabled": false,
                "items": []
              }
            ],
            "trusted_signers": [
              {
                "enabled": false,
                "items": []
              }
            ],
            "viewer_certificate": [
              {
                "acm_certificate_arn": "arn:aws:acm:us-east-1:825767410344:certificate/022b056b-7adc-4ba4-9435-53cb60b88ec3",
                "cloudfront_default_certificate": false,
                "iam_certificate_id": "",
                "minimum_protocol_version": "TLSv1.2_2018",
                "ssl_support_method": "sni-only"
              }
            ],
            "wait_for_deployment": true,
            "web_acl_id": ""
          },
          "sensitive_attributes": [],
          "private": "eyJzY2hlbWFfdmVyc2lvbiI6IjEifQ==",
          "dependencies": [
            "data.aws_cloudfront_response_headers_policy.headers_policy",
            "module.acm.aws_acm_certificate.this",
            "module.acm.aws_acm_certificate_validation.this",
            "module.acm.aws_route53_record.validation",
            "module.cloudfront_s3.aws_cloudfront_origin_access_identity.this",
            "module.cloudfront_s3.aws_s3_bucket.log_bucket",
            "module.cloudfront_s3.aws_s3_bucket.origin",
            "module.cloudfront_s3.aws_s3_bucket_acl.log_bucket_acl",
            "module.cloudfront_s3.aws_s3_bucket_ownership_controls.log_bucket",
            "module.cloudfront_s3.data.aws_canonical_user_id.current",
            "module.cloudfront_s3.data.aws_cloudfront_log_delivery_canonical_user_id.canonical_user",
            "module.zones.aws_route53_zone.this"
          ]
        }
      ]
    },
    {
      "module": "module.cloudfront_s3",
      "mode": "managed",
      "type": "aws_cloudfront_origin_access_identity",
      "name": "this",
      "provider": "provider[\"registry.terraform.io/hashicorp/aws\"]",
      "instances": [
        {
          "schema_version": 0,
          "attributes": {
            "caller_reference": "terraform-20231024151114534200000002",
            "cloudfront_access_identity_path": "origin-access-identity/cloudfront/E1TXJLSWL0YHMZ",
            "comment": "origin_access_identity",
            "etag": "E2C23EF4N3E9L2",
            "iam_arn": "arn:aws:iam::cloudfront:user/CloudFront Origin Access Identity E1TXJLSWL0YHMZ",
            "id": "E1TXJLSWL0YHMZ",
            "s3_canonical_user_id": "af9758f46a38686a84c4cd71b192aeb9d1a7ec2a42858c94f9830aae5989af77302e66740880e48fc807e79becb239a4"
          },
          "sensitive_attributes": [],
          "private": "bnVsbA==",
          "dependencies": [
            "module.acm.aws_acm_certificate.this",
            "module.acm.aws_acm_certificate_validation.this",
            "module.acm.aws_route53_record.validation",
            "module.zones.aws_route53_zone.this"
          ]
        }
      ]
    },
    {
      "module": "module.cloudfront_s3",
      "mode": "managed",
      "type": "aws_s3_bucket",
      "name": "log_bucket",
      "provider": "provider[\"registry.terraform.io/hashicorp/aws\"]",
      "instances": [
        {
          "schema_version": 0,
          "attributes": {
            "acceleration_status": "",
            "acl": null,
            "arn": "arn:aws:s3:::aws-angular-app-bucket-cloudfront-logs",
            "bucket": "aws-angular-app-bucket-cloudfront-logs",
            "bucket_domain_name": "aws-angular-app-bucket-cloudfront-logs.s3.amazonaws.com",
            "bucket_prefix": "",
            "bucket_regional_domain_name": "aws-angular-app-bucket-cloudfront-logs.s3.us-east-1.amazonaws.com",
            "cors_rule": [],
            "force_destroy": true,
            "grant": [
              {
                "id": "6362f5863c14f271a23f2e5932c0bf9c4fd9eaeb68dec547c7b180b41a185fa4",
                "permissions": [
                  "FULL_CONTROL"
                ],
                "type": "CanonicalUser",
                "uri": ""
              },
              {
                "id": "c4c1ede66af53448b93c283ce9448c4ba468c9432aa01d700d3878632f77d2d0",
                "permissions": [
                  "FULL_CONTROL"
                ],
                "type": "CanonicalUser",
                "uri": ""
              }
            ],
            "hosted_zone_id": "Z3AQBSTGFYJSTF",
            "id": "aws-angular-app-bucket-cloudfront-logs",
            "lifecycle_rule": [
              {
                "abort_incomplete_multipart_upload_days": 0,
                "enabled": true,
                "expiration": [
                  {
                    "date": "",
                    "days": 7,
                    "expired_object_delete_marker": false
                  }
                ],
                "id": "DeleteAfterNDays",
                "noncurrent_version_expiration": [],
                "noncurrent_version_transition": [],
                "prefix": "",
                "tags": {},
                "transition": []
              }
            ],
            "logging": [],
            "object_lock_configuration": [],
            "object_lock_enabled": false,
            "policy": "",
            "region": "us-east-1",
            "replication_configuration": [],
            "request_payer": "BucketOwner",
            "server_side_encryption_configuration": [
              {
                "rule": [
                  {
                    "apply_server_side_encryption_by_default": [
                      {
                        "kms_master_key_id": "",
                        "sse_algorithm": "AES256"
                      }
                    ],
                    "bucket_key_enabled": false
                  }
                ]
              }
            ],
            "tags": {},
            "tags_all": {},
            "timeouts": null,
            "versioning": [
              {
                "enabled": false,
                "mfa_delete": false
              }
            ],
            "website": [],
            "website_domain": null,
            "website_endpoint": null
          },
          "sensitive_attributes": [],
          "private": "eyJlMmJmYjczMC1lY2FhLTExZTYtOGY4OC0zNDM2M2JjN2M0YzAiOnsiY3JlYXRlIjoxMjAwMDAwMDAwMDAwLCJkZWxldGUiOjM2MDAwMDAwMDAwMDAsInJlYWQiOjEyMDAwMDAwMDAwMDAsInVwZGF0ZSI6MTIwMDAwMDAwMDAwMH19",
          "dependencies": [
            "module.acm.aws_acm_certificate.this",
            "module.acm.aws_acm_certificate_validation.this",
            "module.acm.aws_route53_record.validation",
            "module.zones.aws_route53_zone.this"
          ]
        }
      ]
    },
    {
      "module": "module.cloudfront_s3",
      "mode": "managed",
      "type": "aws_s3_bucket",
      "name": "origin",
      "provider": "provider[\"registry.terraform.io/hashicorp/aws\"]",
      "instances": [
        {
          "schema_version": 0,
          "attributes": {
            "acceleration_status": "",
            "acl": null,
            "arn": "arn:aws:s3:::aws-angular-app-bucket",
            "bucket": "aws-angular-app-bucket",
            "bucket_domain_name": "aws-angular-app-bucket.s3.amazonaws.com",
            "bucket_prefix": "",
            "bucket_regional_domain_name": "aws-angular-app-bucket.s3.us-east-1.amazonaws.com",
            "cors_rule": [],
            "force_destroy": true,
            "grant": [
              {
                "id": "6362f5863c14f271a23f2e5932c0bf9c4fd9eaeb68dec547c7b180b41a185fa4",
                "permissions": [
                  "FULL_CONTROL"
                ],
                "type": "CanonicalUser",
                "uri": ""
              }
            ],
            "hosted_zone_id": "Z3AQBSTGFYJSTF",
            "id": "aws-angular-app-bucket",
            "lifecycle_rule": [],
            "logging": [],
            "object_lock_configuration": [],
            "object_lock_enabled": false,
            "policy": "{\"Statement\":[{\"Action\":\"s3:GetObject\",\"Effect\":\"Allow\",\"Principal\":{\"AWS\":\"arn:aws:iam::cloudfront:user/CloudFront Origin Access Identity E1TXJLSWL0YHMZ\"},\"Resource\":\"arn:aws:s3:::aws-angular-app-bucket/*\",\"Sid\":\"S3GetObjectForCloudFront\"}],\"Version\":\"2012-10-17\"}",
            "region": "us-east-1",
            "replication_configuration": [],
            "request_payer": "BucketOwner",
            "server_side_encryption_configuration": [
              {
                "rule": [
                  {
                    "apply_server_side_encryption_by_default": [
                      {
                        "kms_master_key_id": "",
                        "sse_algorithm": "AES256"
                      }
                    ],
                    "bucket_key_enabled": false
                  }
                ]
              }
            ],
            "tags": {},
            "tags_all": {},
            "timeouts": null,
            "versioning": [
              {
                "enabled": true,
                "mfa_delete": false
              }
            ],
            "website": [],
            "website_domain": null,
            "website_endpoint": null
          },
          "sensitive_attributes": [],
          "private": "eyJlMmJmYjczMC1lY2FhLTExZTYtOGY4OC0zNDM2M2JjN2M0YzAiOnsiY3JlYXRlIjoxMjAwMDAwMDAwMDAwLCJkZWxldGUiOjM2MDAwMDAwMDAwMDAsInJlYWQiOjEyMDAwMDAwMDAwMDAsInVwZGF0ZSI6MTIwMDAwMDAwMDAwMH19",
          "dependencies": [
            "module.acm.aws_acm_certificate.this",
            "module.acm.aws_acm_certificate_validation.this",
            "module.acm.aws_route53_record.validation",
            "module.zones.aws_route53_zone.this"
          ]
        }
      ]
    },
    {
      "module": "module.cloudfront_s3",
      "mode": "managed",
      "type": "aws_s3_bucket_acl",
      "name": "log_bucket_acl",
      "provider": "provider[\"registry.terraform.io/hashicorp/aws\"]",
      "instances": [
        {
          "schema_version": 0,
          "attributes": {
            "access_control_policy": [
              {
                "grant": [
                  {
                    "grantee": [
                      {
                        "display_name": "awslogsdelivery+s3_us-east-1",
                        "email_address": "",
                        "id": "c4c1ede66af53448b93c283ce9448c4ba468c9432aa01d700d3878632f77d2d0",
                        "type": "CanonicalUser",
                        "uri": ""
                      }
                    ],
                    "permission": "FULL_CONTROL"
                  },
                  {
                    "grantee": [
                      {
                        "display_name": "kareemmoataz13",
                        "email_address": "",
                        "id": "6362f5863c14f271a23f2e5932c0bf9c4fd9eaeb68dec547c7b180b41a185fa4",
                        "type": "CanonicalUser",
                        "uri": ""
                      }
                    ],
                    "permission": "FULL_CONTROL"
                  }
                ],
                "owner": [
                  {
                    "display_name": "kareemmoataz13",
                    "id": "6362f5863c14f271a23f2e5932c0bf9c4fd9eaeb68dec547c7b180b41a185fa4"
                  }
                ]
              }
            ],
            "acl": "",
            "bucket": "aws-angular-app-bucket-cloudfront-logs",
            "expected_bucket_owner": "",
            "id": "aws-angular-app-bucket-cloudfront-logs"
          },
          "sensitive_attributes": [],
          "private": "bnVsbA==",
          "dependencies": [
            "module.acm.aws_acm_certificate.this",
            "module.acm.aws_acm_certificate_validation.this",
            "module.acm.aws_route53_record.validation",
            "module.cloudfront_s3.aws_s3_bucket.log_bucket",
            "module.cloudfront_s3.aws_s3_bucket_ownership_controls.log_bucket",
            "module.cloudfront_s3.data.aws_canonical_user_id.current",
            "module.cloudfront_s3.data.aws_cloudfront_log_delivery_canonical_user_id.canonical_user",
            "module.zones.aws_route53_zone.this"
          ]
        }
      ]
    },
    {
      "module": "module.cloudfront_s3",
      "mode": "managed",
      "type": "aws_s3_bucket_lifecycle_configuration",
      "name": "this",
      "provider": "provider[\"registry.terraform.io/hashicorp/aws\"]",
      "instances": [
        {
          "schema_version": 0,
          "attributes": {
            "bucket": "aws-angular-app-bucket-cloudfront-logs",
            "expected_bucket_owner": "",
            "id": "aws-angular-app-bucket-cloudfront-logs",
            "rule": [
              {
                "abort_incomplete_multipart_upload": [],
                "expiration": [
                  {
                    "date": "",
                    "days": 7,
                    "expired_object_delete_marker": false
                  }
                ],
                "filter": [
                  {
                    "and": [],
                    "object_size_greater_than": "",
                    "object_size_less_than": "",
                    "prefix": "",
                    "tag": []
                  }
                ],
                "id": "DeleteAfterNDays",
                "noncurrent_version_expiration": [],
                "noncurrent_version_transition": [],
                "prefix": "",
                "status": "Enabled",
                "transition": []
              }
            ]
          },
          "sensitive_attributes": [],
          "private": "bnVsbA==",
          "dependencies": [
            "module.acm.aws_acm_certificate.this",
            "module.acm.aws_acm_certificate_validation.this",
            "module.acm.aws_route53_record.validation",
            "module.cloudfront_s3.aws_s3_bucket.log_bucket",
            "module.zones.aws_route53_zone.this"
          ]
        }
      ]
    },
    {
      "module": "module.cloudfront_s3",
      "mode": "managed",
      "type": "aws_s3_bucket_ownership_controls",
      "name": "log_bucket",
      "provider": "provider[\"registry.terraform.io/hashicorp/aws\"]",
      "instances": [
        {
          "schema_version": 0,
          "attributes": {
            "bucket": "aws-angular-app-bucket-cloudfront-logs",
            "id": "aws-angular-app-bucket-cloudfront-logs",
            "rule": [
              {
                "object_ownership": "BucketOwnerPreferred"
              }
            ]
          },
          "sensitive_attributes": [],
          "private": "bnVsbA==",
          "dependencies": [
            "module.acm.aws_acm_certificate.this",
            "module.acm.aws_acm_certificate_validation.this",
            "module.acm.aws_route53_record.validation",
            "module.cloudfront_s3.aws_s3_bucket.log_bucket",
            "module.zones.aws_route53_zone.this"
          ]
        }
      ]
    },
    {
      "module": "module.cloudfront_s3",
      "mode": "managed",
      "type": "aws_s3_bucket_policy",
      "name": "this",
      "provider": "provider[\"registry.terraform.io/hashicorp/aws\"]",
      "instances": [
        {
          "schema_version": 0,
          "attributes": {
            "bucket": "aws-angular-app-bucket",
            "id": "aws-angular-app-bucket",
            "policy": "{\"Statement\":[{\"Action\":\"s3:GetObject\",\"Effect\":\"Allow\",\"Principal\":{\"AWS\":\"arn:aws:iam::cloudfront:user/CloudFront Origin Access Identity E1TXJLSWL0YHMZ\"},\"Resource\":\"arn:aws:s3:::aws-angular-app-bucket/*\",\"Sid\":\"S3GetObjectForCloudFront\"}],\"Version\":\"2012-10-17\"}"
          },
          "sensitive_attributes": [],
          "private": "bnVsbA==",
          "dependencies": [
            "module.acm.aws_acm_certificate.this",
            "module.acm.aws_acm_certificate_validation.this",
            "module.acm.aws_route53_record.validation",
            "module.cloudfront_s3.aws_cloudfront_origin_access_identity.this",
            "module.cloudfront_s3.aws_s3_bucket.origin",
            "module.cloudfront_s3.data.aws_iam_policy_document.s3_policy_document",
            "module.zones.aws_route53_zone.this"
          ]
        }
      ]
    },
    {
      "module": "module.cloudfront_s3",
      "mode": "managed",
      "type": "aws_s3_bucket_public_access_block",
      "name": "log_bucket",
      "provider": "provider[\"registry.terraform.io/hashicorp/aws\"]",
      "instances": [
        {
          "schema_version": 0,
          "attributes": {
            "block_public_acls": true,
            "block_public_policy": true,
            "bucket": "aws-angular-app-bucket-cloudfront-logs",
            "id": "aws-angular-app-bucket-cloudfront-logs",
            "ignore_public_acls": true,
            "restrict_public_buckets": true
          },
          "sensitive_attributes": [],
          "private": "bnVsbA==",
          "dependencies": [
            "module.acm.aws_acm_certificate.this",
            "module.acm.aws_acm_certificate_validation.this",
            "module.acm.aws_route53_record.validation",
            "module.cloudfront_s3.aws_s3_bucket.log_bucket",
            "module.zones.aws_route53_zone.this"
          ]
        }
      ]
    },
    {
      "module": "module.cloudfront_s3",
      "mode": "managed",
      "type": "aws_s3_bucket_public_access_block",
      "name": "this",
      "provider": "provider[\"registry.terraform.io/hashicorp/aws\"]",
      "instances": [
        {
          "schema_version": 0,
          "attributes": {
            "block_public_acls": true,
            "block_public_policy": true,
            "bucket": "aws-angular-app-bucket",
            "id": "aws-angular-app-bucket",
            "ignore_public_acls": true,
            "restrict_public_buckets": true
          },
          "sensitive_attributes": [],
          "private": "bnVsbA==",
          "dependencies": [
            "module.acm.aws_acm_certificate.this",
            "module.acm.aws_acm_certificate_validation.this",
            "module.acm.aws_route53_record.validation",
            "module.cloudfront_s3.aws_s3_bucket.origin",
            "module.zones.aws_route53_zone.this"
          ]
        }
      ]
    },
    {
      "module": "module.cloudfront_s3",
      "mode": "managed",
      "type": "aws_s3_bucket_server_side_encryption_configuration",
      "name": "log_bucket",
      "provider": "provider[\"registry.terraform.io/hashicorp/aws\"]",
      "instances": [
        {
          "schema_version": 0,
          "attributes": {
            "bucket": "aws-angular-app-bucket-cloudfront-logs",
            "expected_bucket_owner": "",
            "id": "aws-angular-app-bucket-cloudfront-logs",
            "rule": [
              {
                "apply_server_side_encryption_by_default": [
                  {
                    "kms_master_key_id": "",
                    "sse_algorithm": "AES256"
                  }
                ],
                "bucket_key_enabled": false
              }
            ]
          },
          "sensitive_attributes": [],
          "private": "bnVsbA==",
          "dependencies": [
            "module.acm.aws_acm_certificate.this",
            "module.acm.aws_acm_certificate_validation.this",
            "module.acm.aws_route53_record.validation",
            "module.cloudfront_s3.aws_s3_bucket.log_bucket",
            "module.zones.aws_route53_zone.this"
          ]
        }
      ]
    },
    {
      "module": "module.cloudfront_s3",
      "mode": "managed",
      "type": "aws_s3_bucket_server_side_encryption_configuration",
      "name": "this",
      "provider": "provider[\"registry.terraform.io/hashicorp/aws\"]",
      "instances": [
        {
          "schema_version": 0,
          "attributes": {
            "bucket": "aws-angular-app-bucket",
            "expected_bucket_owner": "",
            "id": "aws-angular-app-bucket",
            "rule": [
              {
                "apply_server_side_encryption_by_default": [
                  {
                    "kms_master_key_id": "",
                    "sse_algorithm": "AES256"
                  }
                ],
                "bucket_key_enabled": false
              }
            ]
          },
          "sensitive_attributes": [],
          "private": "bnVsbA==",
          "dependencies": [
            "module.acm.aws_acm_certificate.this",
            "module.acm.aws_acm_certificate_validation.this",
            "module.acm.aws_route53_record.validation",
            "module.cloudfront_s3.aws_s3_bucket.origin",
            "module.zones.aws_route53_zone.this"
          ]
        }
      ]
    },
    {
      "module": "module.cloudfront_s3",
      "mode": "managed",
      "type": "aws_s3_bucket_versioning",
      "name": "this",
      "provider": "provider[\"registry.terraform.io/hashicorp/aws\"]",
      "instances": [
        {
          "schema_version": 0,
          "attributes": {
            "bucket": "aws-angular-app-bucket",
            "expected_bucket_owner": "",
            "id": "aws-angular-app-bucket",
            "mfa": null,
            "versioning_configuration": [
              {
                "mfa_delete": "",
                "status": "Enabled"
              }
            ]
          },
          "sensitive_attributes": [],
          "private": "bnVsbA==",
          "dependencies": [
            "module.acm.aws_acm_certificate.this",
            "module.acm.aws_acm_certificate_validation.this",
            "module.acm.aws_route53_record.validation",
            "module.cloudfront_s3.aws_s3_bucket.origin",
            "module.zones.aws_route53_zone.this"
          ]
        }
      ]
    },
    {
      "module": "module.zones",
      "mode": "managed",
      "type": "aws_route53_zone",
      "name": "this",
      "provider": "provider[\"registry.terraform.io/hashicorp/aws\"]",
      "instances": [
        {
          "index_key": "r0gu3.me",
          "schema_version": 0,
          "attributes": {
            "arn": "arn:aws:route53:::hostedzone/Z0669359URSWNH73FGLI",
            "comment": "(development)",
            "delegation_set_id": "",
            "force_destroy": false,
            "id": "Z0669359URSWNH73FGLI",
            "name": "r0gu3.me",
            "name_servers": [
              "ns-1288.awsdns-33.org",
              "ns-1829.awsdns-36.co.uk",
              "ns-290.awsdns-36.com",
              "ns-804.awsdns-36.net"
            ],
            "primary_name_server": "ns-1288.awsdns-33.org",
            "tags": {
              "ManagedBy": "Terraform",
              "env": "development"
            },
            "tags_all": {
              "ManagedBy": "Terraform",
              "env": "development"
            },
            "vpc": [],
            "zone_id": "Z0669359URSWNH73FGLI"
          },
          "sensitive_attributes": [],
          "private": "bnVsbA==",
          "create_before_destroy": true
        }
      ]
    }
  ],
  "check_results": null
}
